
Microsoft Visual Studio Solution File, Format Version 12.00
# Visual Studio 15
VisualStudioVersion = 15.0.28307.1758
MinimumVisualStudioVersion = 10.0.40219.1
Project("{FAE04EC0-301F-11D3-BF4B-00C04F79EFBC}") = "BootstrapA", "BootstrapA\BootstrapA.csproj", "{D65B8C72-F763-4A34-A6C5-A13BC3D143BF}"
EndProject
Global
	GlobalSection(SolutionConfigurationPlatforms) = preSolution
		Debug|Any CPU = Debug|Any CPU
		Release|Any CPU = Release|Any CPU
	EndGlobalSection
	GlobalSection(ProjectConfigurationPlatforms) = postSolution
		{D65B8C72-F763-4A34-A6C5-A13BC3D143BF}.Debug|Any CPU.ActiveCfg = Debug|Any CPU
		{D65B8C72-F763-4A34-A6C5-A13BC3D143BF}.Debug|Any CPU.Build.0 = Debug|Any CPU
		{D65B8C72-F763-4A34-A6C5-A13BC3D143BF}.Release|Any CPU.ActiveCfg = Release|Any CPU
		{D65B8C72-F763-4A34-A6C5-A13BC3D143BF}.Release|Any CPU.Build.0 = Release|Any CPU
	EndGlobalSection
	GlobalSection(SolutionProperties) = preSolution
		HideSolutionNode = FALSE
	EndGlobalSection
	GlobalSection(ExtensibilityGlobals) = postSolution
		SolutionGuid = {C7E27D9E-4BDF-4DC7-8A62-A322882A972B}
	EndGlobalSection
EndGlobal
